
Microsoft Visual Studio Solution File, Format Version 11.00
# Visual Studio 2010
Project("{FAE04EC0-301F-11D3-BF4B-00C04F79EFBC}") = "FEITS", "FEITS\FEITS.csproj", "{E1E65485-618C-43E2-A213-5BC5803807AE}"
EndProject
Global
	GlobalSection(SolutionConfigurationPlatforms) = preSolution
		Debug|x86 = Debug|x86
		Release|x86 = Release|x86
	EndGlobalSection
	GlobalSection(ProjectConfigurationPlatforms) = postSolution
		{E1E65485-618C-43E2-A213-5BC5803807AE}.Debug|x86.ActiveCfg = Release|x86
		{E1E65485-618C-43E2-A213-5BC5803807AE}.Debug|x86.Build.0 = Release|x86
		{E1E65485-618C-43E2-A213-5BC5803807AE}.Release|x86.ActiveCfg = Release|x86
		{E1E65485-618C-43E2-A213-5BC5803807AE}.Release|x86.Build.0 = Release|x86
	EndGlobalSection
	GlobalSection(SolutionProperties) = preSolution
		HideSolutionNode = FALSE
	EndGlobalSection
EndGlobal
